
Microsoft Visual Studio Solution File, Format Version 11.00
# Visual Studio 2010
Project("{FAE04EC0-301F-11D3-BF4B-00C04F79EFBC}") = "Bti.Babble.Traffic", "Bti.Babble.Traffic\Bti.Babble.Traffic.csproj", "{C1E3C342-C947-4627-862C-4A85D41906A6}"
EndProject
Project("{54435603-DBB4-11D2-8724-00A0C9A8B90C}") = "Bti.Babble.Traffic.Setup", "Bti.Babble.Traffic.Setup\Bti.Babble.Traffic.Setup.vdproj", "{DD761453-E3C8-47D7-8EE9-7ADE312A20F4}"
EndProject
Project("{FAE04EC0-301F-11D3-BF4B-00C04F79EFBC}") = "Bti.Babble.Service", "Bti.Babble.Service\Bti.Babble.Service.csproj", "{4058251A-73DC-4DBE-9176-BA078B5BD1FB}"
EndProject
Project("{FAE04EC0-301F-11D3-BF4B-00C04F79EFBC}") = "Bti.Babble.Automation", "Bti.Babble.Automation\Bti.Babble.Automation.csproj", "{3BE4A5C5-07F3-4850-B49E-F7CBD9D214ED}"
EndProject
Project("{54435603-DBB4-11D2-8724-00A0C9A8B90C}") = "Bti.Babble.Service.Setup", "Bti.Babble.Service.Setup\Bti.Babble.Service.Setup.vdproj", "{F6F4FCB8-9799-4F60-AE93-796B49E9B51A}"
EndProject
Project("{FAE04EC0-301F-11D3-BF4B-00C04F79EFBC}") = "Bti.Babble.Model", "Bti.Babble.Model\Bti.Babble.Model.csproj", "{13030DD1-F2AF-4722-8AD5-A3783A1F711B}"
EndProject
Project("{54435603-DBB4-11D2-8724-00A0C9A8B90C}") = "Bti.Babble.Automation.Setup", "Bti.Babble.Automation.Setup\Bti.Babble.Automation.Setup.vdproj", "{1BC061C9-5B37-4131-87AE-2646C3ED6B94}"
EndProject
Global
	GlobalSection(SolutionConfigurationPlatforms) = preSolution
		Debug|Any CPU = Debug|Any CPU
		Debug|Mixed Platforms = Debug|Mixed Platforms
		Debug|x86 = Debug|x86
		Release|Any CPU = Release|Any CPU
		Release|Mixed Platforms = Release|Mixed Platforms
		Release|x86 = Release|x86
	EndGlobalSection
	GlobalSection(ProjectConfigurationPlatforms) = postSolution
		{C1E3C342-C947-4627-862C-4A85D41906A6}.Debug|Any CPU.ActiveCfg = Debug|x86
		{C1E3C342-C947-4627-862C-4A85D41906A6}.Debug|Mixed Platforms.ActiveCfg = Debug|x86
		{C1E3C342-C947-4627-862C-4A85D41906A6}.Debug|Mixed Platforms.Build.0 = Debug|x86
		{C1E3C342-C947-4627-862C-4A85D41906A6}.Debug|x86.ActiveCfg = Debug|x86
		{C1E3C342-C947-4627-862C-4A85D41906A6}.Debug|x86.Build.0 = Debug|x86
		{C1E3C342-C947-4627-862C-4A85D41906A6}.Release|Any CPU.ActiveCfg = Release|x86
		{C1E3C342-C947-4627-862C-4A85D41906A6}.Release|Mixed Platforms.ActiveCfg = Release|x86
		{C1E3C342-C947-4627-862C-4A85D41906A6}.Release|Mixed Platforms.Build.0 = Release|x86
		{C1E3C342-C947-4627-862C-4A85D41906A6}.Release|x86.ActiveCfg = Release|x86
		{C1E3C342-C947-4627-862C-4A85D41906A6}.Release|x86.Build.0 = Release|x86
		{DD761453-E3C8-47D7-8EE9-7ADE312A20F4}.Debug|Any CPU.ActiveCfg = Debug
		{DD761453-E3C8-47D7-8EE9-7ADE312A20F4}.Debug|Any CPU.Build.0 = Debug
		{DD761453-E3C8-47D7-8EE9-7ADE312A20F4}.Debug|Mixed Platforms.ActiveCfg = Debug
		{DD761453-E3C8-47D7-8EE9-7ADE312A20F4}.Debug|Mixed Platforms.Build.0 = Debug
		{DD761453-E3C8-47D7-8EE9-7ADE312A20F4}.Debug|x86.ActiveCfg = Debug
		{DD761453-E3C8-47D7-8EE9-7ADE312A20F4}.Release|Any CPU.ActiveCfg = Release
		{DD761453-E3C8-47D7-8EE9-7ADE312A20F4}.Release|Any CPU.Build.0 = Release
		{DD761453-E3C8-47D7-8EE9-7ADE312A20F4}.Release|Mixed Platforms.ActiveCfg = Release
		{DD761453-E3C8-47D7-8EE9-7ADE312A20F4}.Release|Mixed Platforms.Build.0 = Release
		{DD761453-E3C8-47D7-8EE9-7ADE312A20F4}.Release|x86.ActiveCfg = Release
		{4058251A-73DC-4DBE-9176-BA078B5BD1FB}.Debug|Any CPU.ActiveCfg = Debug|Any CPU
		{4058251A-73DC-4DBE-9176-BA078B5BD1FB}.Debug|Any CPU.Build.0 = Debug|Any CPU
		{4058251A-73DC-4DBE-9176-BA078B5BD1FB}.Debug|Mixed Platforms.ActiveCfg = Debug|Any CPU
		{4058251A-73DC-4DBE-9176-BA078B5BD1FB}.Debug|Mixed Platforms.Build.0 = Debug|Any CPU
		{4058251A-73DC-4DBE-9176-BA078B5BD1FB}.Debug|x86.ActiveCfg = Debug|Any CPU
		{4058251A-73DC-4DBE-9176-BA078B5BD1FB}.Release|Any CPU.ActiveCfg = Release|Any CPU
		{4058251A-73DC-4DBE-9176-BA078B5BD1FB}.Release|Any CPU.Build.0 = Release|Any CPU
		{4058251A-73DC-4DBE-9176-BA078B5BD1FB}.Release|Mixed Platforms.ActiveCfg = Release|Any CPU
		{4058251A-73DC-4DBE-9176-BA078B5BD1FB}.Release|Mixed Platforms.Build.0 = Release|Any CPU
		{4058251A-73DC-4DBE-9176-BA078B5BD1FB}.Release|x86.ActiveCfg = Release|Any CPU
		{3BE4A5C5-07F3-4850-B49E-F7CBD9D214ED}.Debug|Any CPU.ActiveCfg = Debug|x86
		{3BE4A5C5-07F3-4850-B49E-F7CBD9D214ED}.Debug|Mixed Platforms.ActiveCfg = Debug|x86
		{3BE4A5C5-07F3-4850-B49E-F7CBD9D214ED}.Debug|Mixed Platforms.Build.0 = Debug|x86
		{3BE4A5C5-07F3-4850-B49E-F7CBD9D214ED}.Debug|x86.ActiveCfg = Debug|x86
		{3BE4A5C5-07F3-4850-B49E-F7CBD9D214ED}.Debug|x86.Build.0 = Debug|x86
		{3BE4A5C5-07F3-4850-B49E-F7CBD9D214ED}.Release|Any CPU.ActiveCfg = Release|x86
		{3BE4A5C5-07F3-4850-B49E-F7CBD9D214ED}.Release|Mixed Platforms.ActiveCfg = Release|x86
		{3BE4A5C5-07F3-4850-B49E-F7CBD9D214ED}.Release|Mixed Platforms.Build.0 = Release|x86
		{3BE4A5C5-07F3-4850-B49E-F7CBD9D214ED}.Release|x86.ActiveCfg = Release|x86
		{3BE4A5C5-07F3-4850-B49E-F7CBD9D214ED}.Release|x86.Build.0 = Release|x86
		{F6F4FCB8-9799-4F60-AE93-796B49E9B51A}.Debug|Any CPU.ActiveCfg = Debug
		{F6F4FCB8-9799-4F60-AE93-796B49E9B51A}.Debug|Mixed Platforms.ActiveCfg = Debug
		{F6F4FCB8-9799-4F60-AE93-796B49E9B51A}.Debug|x86.ActiveCfg = Debug
		{F6F4FCB8-9799-4F60-AE93-796B49E9B51A}.Release|Any CPU.ActiveCfg = Release
		{F6F4FCB8-9799-4F60-AE93-796B49E9B51A}.Release|Mixed Platforms.ActiveCfg = Release
		{F6F4FCB8-9799-4F60-AE93-796B49E9B51A}.Release|x86.ActiveCfg = Release
		{13030DD1-F2AF-4722-8AD5-A3783A1F711B}.Debug|Any CPU.ActiveCfg = Debug|Any CPU
		{13030DD1-F2AF-4722-8AD5-A3783A1F711B}.Debug|Any CPU.Build.0 = Debug|Any CPU
		{13030DD1-F2AF-4722-8AD5-A3783A1F711B}.Debug|Mixed Platforms.ActiveCfg = Debug|Any CPU
		{13030DD1-F2AF-4722-8AD5-A3783A1F711B}.Debug|Mixed Platforms.Build.0 = Debug|Any CPU
		{13030DD1-F2AF-4722-8AD5-A3783A1F711B}.Debug|x86.ActiveCfg = Debug|Any CPU
		{13030DD1-F2AF-4722-8AD5-A3783A1F711B}.Release|Any CPU.ActiveCfg = Release|Any CPU
		{13030DD1-F2AF-4722-8AD5-A3783A1F711B}.Release|Any CPU.Build.0 = Release|Any CPU
		{13030DD1-F2AF-4722-8AD5-A3783A1F711B}.Release|Mixed Platforms.ActiveCfg = Release|Any CPU
		{13030DD1-F2AF-4722-8AD5-A3783A1F711B}.Release|Mixed Platforms.Build.0 = Release|Any CPU
		{13030DD1-F2AF-4722-8AD5-A3783A1F711B}.Release|x86.ActiveCfg = Release|Any CPU
		{1BC061C9-5B37-4131-87AE-2646C3ED6B94}.Debug|Any CPU.ActiveCfg = Debug
		{1BC061C9-5B37-4131-87AE-2646C3ED6B94}.Debug|Mixed Platforms.ActiveCfg = Debug
		{1BC061C9-5B37-4131-87AE-2646C3ED6B94}.Debug|x86.ActiveCfg = Debug
		{1BC061C9-5B37-4131-87AE-2646C3ED6B94}.Release|Any CPU.ActiveCfg = Release
		{1BC061C9-5B37-4131-87AE-2646C3ED6B94}.Release|Mixed Platforms.ActiveCfg = Release
		{1BC061C9-5B37-4131-87AE-2646C3ED6B94}.Release|x86.ActiveCfg = Release
	EndGlobalSection
	GlobalSection(SolutionProperties) = preSolution
		HideSolutionNode = FALSE
	EndGlobalSection
	GlobalSection(ExtensibilityGlobals) = postSolution
		EnterpriseLibraryConfigurationToolBinariesPath = packages\Unity.2.1.505.0\lib\NET35
	EndGlobalSection
EndGlobal
