
Microsoft Visual Studio Solution File, Format Version 11.00
# Visual Studio 2010
Project("{FAE04EC0-301F-11D3-BF4B-00C04F79EFBC}") = "Bti.Babble.Traffic", "Bti.Babble.Traffic\Bti.Babble.Traffic.csproj", "{C1E3C342-C947-4627-862C-4A85D41906A6}"
EndProject
Project("{54435603-DBB4-11D2-8724-00A0C9A8B90C}") = "Bti.Babble.Traffic.Setup", "Bti.Babble.Traffic.Setup\Bti.Babble.Traffic.Setup.vdproj", "{DD761453-E3C8-47D7-8EE9-7ADE312A20F4}"
EndProject
Global
	GlobalSection(SolutionConfigurationPlatforms) = preSolution
		Debug|x86 = Debug|x86
		Release|x86 = Release|x86
	EndGlobalSection
	GlobalSection(ProjectConfigurationPlatforms) = postSolution
		{C1E3C342-C947-4627-862C-4A85D41906A6}.Debug|x86.ActiveCfg = Debug|x86
		{C1E3C342-C947-4627-862C-4A85D41906A6}.Debug|x86.Build.0 = Debug|x86
		{C1E3C342-C947-4627-862C-4A85D41906A6}.Release|x86.ActiveCfg = Release|x86
		{C1E3C342-C947-4627-862C-4A85D41906A6}.Release|x86.Build.0 = Release|x86
		{DD761453-E3C8-47D7-8EE9-7ADE312A20F4}.Debug|x86.ActiveCfg = Debug
		{DD761453-E3C8-47D7-8EE9-7ADE312A20F4}.Release|x86.ActiveCfg = Release
	EndGlobalSection
	GlobalSection(SolutionProperties) = preSolution
		HideSolutionNode = FALSE
	EndGlobalSection
	GlobalSection(ExtensibilityGlobals) = postSolution
		EnterpriseLibraryConfigurationToolBinariesPath = packages\Unity.2.1.505.0\lib\NET35
	EndGlobalSection
EndGlobal
